
Microsoft Visual Studio Solution File, Format Version 12.00
# Visual Studio Version 17
VisualStudioVersion = 17.5.002.0
MinimumVisualStudioVersion = 10.0.40219.1
Project("{9A19103F-16F7-4668-BE54-9A1E7A4F7556}") = "Exercicio04", "Exercicio04.csproj", "{BA23C882-C4B7-4F10-A837-29E8E9F99628}"
EndProject
Global
	GlobalSection(SolutionConfigurationPlatforms) = preSolution
		Debug|Any CPU = Debug|Any CPU
		Release|Any CPU = Release|Any CPU
	EndGlobalSection
	GlobalSection(ProjectConfigurationPlatforms) = postSolution
		{BA23C882-C4B7-4F10-A837-29E8E9F99628}.Debug|Any CPU.ActiveCfg = Debug|Any CPU
		{BA23C882-C4B7-4F10-A837-29E8E9F99628}.Debug|Any CPU.Build.0 = Debug|Any CPU
		{BA23C882-C4B7-4F10-A837-29E8E9F99628}.Release|Any CPU.ActiveCfg = Release|Any CPU
		{BA23C882-C4B7-4F10-A837-29E8E9F99628}.Release|Any CPU.Build.0 = Release|Any CPU
	EndGlobalSection
	GlobalSection(SolutionProperties) = preSolution
		HideSolutionNode = FALSE
	EndGlobalSection
	GlobalSection(ExtensibilityGlobals) = postSolution
		SolutionGuid = {910BF253-C9FE-455A-B90C-ED773521399D}
	EndGlobalSection
EndGlobal
